
Microsoft Visual Studio Solution File, Format Version 12.00
# Visual Studio 15
VisualStudioVersion = 15.0.26730.16
MinimumVisualStudioVersion = 10.0.40219.1
Project("{8BC9CEB8-8B4A-11D0-8D11-00A0C91BC942}") = "DSP_homework", "DSP_homework\DSP_homework.vcxproj", "{CDC11554-2FC8-4317-BBCF-A751FC0221AB}"
EndProject
Global
	GlobalSection(SolutionConfigurationPlatforms) = preSolution
		Debug|x64 = Debug|x64
		Debug|x86 = Debug|x86
		Release|x64 = Release|x64
		Release|x86 = Release|x86
	EndGlobalSection
	GlobalSection(ProjectConfigurationPlatforms) = postSolution
		{CDC11554-2FC8-4317-BBCF-A751FC0221AB}.Debug|x64.ActiveCfg = Debug|x64
		{CDC11554-2FC8-4317-BBCF-A751FC0221AB}.Debug|x64.Build.0 = Debug|x64
		{CDC11554-2FC8-4317-BBCF-A751FC0221AB}.Debug|x86.ActiveCfg = Debug|Win32
		{CDC11554-2FC8-4317-BBCF-A751FC0221AB}.Debug|x86.Build.0 = Debug|Win32
		{CDC11554-2FC8-4317-BBCF-A751FC0221AB}.Release|x64.ActiveCfg = Release|x64
		{CDC11554-2FC8-4317-BBCF-A751FC0221AB}.Release|x64.Build.0 = Release|x64
		{CDC11554-2FC8-4317-BBCF-A751FC0221AB}.Release|x86.ActiveCfg = Release|Win32
		{CDC11554-2FC8-4317-BBCF-A751FC0221AB}.Release|x86.Build.0 = Release|Win32
	EndGlobalSection
	GlobalSection(SolutionProperties) = preSolution
		HideSolutionNode = FALSE
	EndGlobalSection
	GlobalSection(ExtensibilityGlobals) = postSolution
		SolutionGuid = {C55DFD66-28FA-4D75-8A40-57F03EB264AC}
	EndGlobalSection
EndGlobal
